
Microsoft Visual Studio Solution File, Format Version 12.00
# Visual Studio Version 17
VisualStudioVersion = 17.4.33213.308
MinimumVisualStudioVersion = 10.0.40219.1
Project("{FAE04EC0-301F-11D3-BF4B-00C04F79EFBC}") = "Forum", "Forum\Forum.csproj", "{8CEC0D77-5358-4287-AD6C-A3BA76A5679C}"
EndProject
Project("{FAE04EC0-301F-11D3-BF4B-00C04F79EFBC}") = "Forum.Data", "Forum.Data\Forum.Data.csproj", "{4B3E330B-B979-4D4B-A529-308229388AD7}"
EndProject
Project("{FAE04EC0-301F-11D3-BF4B-00C04F79EFBC}") = "Forum.Services", "Forum.Services\Forum.Services.csproj", "{2C390FE6-0FE8-448E-A6F5-D97FCA59D0D5}"
EndProject
Global
	GlobalSection(SolutionConfigurationPlatforms) = preSolution
		Debug|Any CPU = Debug|Any CPU
		Release|Any CPU = Release|Any CPU
	EndGlobalSection
	GlobalSection(ProjectConfigurationPlatforms) = postSolution
		{8CEC0D77-5358-4287-AD6C-A3BA76A5679C}.Debug|Any CPU.ActiveCfg = Debug|Any CPU
		{8CEC0D77-5358-4287-AD6C-A3BA76A5679C}.Debug|Any CPU.Build.0 = Debug|Any CPU
		{8CEC0D77-5358-4287-AD6C-A3BA76A5679C}.Release|Any CPU.ActiveCfg = Release|Any CPU
		{8CEC0D77-5358-4287-AD6C-A3BA76A5679C}.Release|Any CPU.Build.0 = Release|Any CPU
		{4B3E330B-B979-4D4B-A529-308229388AD7}.Debug|Any CPU.ActiveCfg = Debug|Any CPU
		{4B3E330B-B979-4D4B-A529-308229388AD7}.Debug|Any CPU.Build.0 = Debug|Any CPU
		{4B3E330B-B979-4D4B-A529-308229388AD7}.Release|Any CPU.ActiveCfg = Release|Any CPU
		{4B3E330B-B979-4D4B-A529-308229388AD7}.Release|Any CPU.Build.0 = Release|Any CPU
		{2C390FE6-0FE8-448E-A6F5-D97FCA59D0D5}.Debug|Any CPU.ActiveCfg = Debug|Any CPU
		{2C390FE6-0FE8-448E-A6F5-D97FCA59D0D5}.Debug|Any CPU.Build.0 = Debug|Any CPU
		{2C390FE6-0FE8-448E-A6F5-D97FCA59D0D5}.Release|Any CPU.ActiveCfg = Release|Any CPU
		{2C390FE6-0FE8-448E-A6F5-D97FCA59D0D5}.Release|Any CPU.Build.0 = Release|Any CPU
	EndGlobalSection
	GlobalSection(SolutionProperties) = preSolution
		HideSolutionNode = FALSE
	EndGlobalSection
	GlobalSection(ExtensibilityGlobals) = postSolution
		SolutionGuid = {73A069A8-10A2-411A-A12D-4C315FF49B8A}
	EndGlobalSection
EndGlobal
